
Microsoft Visual Studio Solution File, Format Version 12.00
# Visual Studio 15
VisualStudioVersion = 15.0.26430.14
MinimumVisualStudioVersion = 10.0.40219.1
Project("{FAE04EC0-301F-11D3-BF4B-00C04F79EFBC}") = "CustomIOSAlertView", "CustomIOSAlertView\CustomIOSAlertView.csproj", "{776BE27F-C415-40A1-82D1-8CD93EFF2DD5}"
EndProject
Project("{FAE04EC0-301F-11D3-BF4B-00C04F79EFBC}") = "App1", "App1\App1.csproj", "{17669423-C9EF-4A8E-8A61-EC34E06F9D5D}"
EndProject
Global
	GlobalSection(SolutionConfigurationPlatforms) = preSolution
		Ad-Hoc|Any CPU = Ad-Hoc|Any CPU
		Ad-Hoc|iPhone = Ad-Hoc|iPhone
		Ad-Hoc|iPhoneSimulator = Ad-Hoc|iPhoneSimulator
		AppStore|Any CPU = AppStore|Any CPU
		AppStore|iPhone = AppStore|iPhone
		AppStore|iPhoneSimulator = AppStore|iPhoneSimulator
		Debug|Any CPU = Debug|Any CPU
		Debug|iPhone = Debug|iPhone
		Debug|iPhoneSimulator = Debug|iPhoneSimulator
		Release|Any CPU = Release|Any CPU
		Release|iPhone = Release|iPhone
		Release|iPhoneSimulator = Release|iPhoneSimulator
	EndGlobalSection
	GlobalSection(ProjectConfigurationPlatforms) = postSolution
		{776BE27F-C415-40A1-82D1-8CD93EFF2DD5}.Ad-Hoc|Any CPU.ActiveCfg = Release|Any CPU
		{776BE27F-C415-40A1-82D1-8CD93EFF2DD5}.Ad-Hoc|Any CPU.Build.0 = Release|Any CPU
		{776BE27F-C415-40A1-82D1-8CD93EFF2DD5}.Ad-Hoc|iPhone.ActiveCfg = Release|Any CPU
		{776BE27F-C415-40A1-82D1-8CD93EFF2DD5}.Ad-Hoc|iPhone.Build.0 = Release|Any CPU
		{776BE27F-C415-40A1-82D1-8CD93EFF2DD5}.Ad-Hoc|iPhoneSimulator.ActiveCfg = Release|Any CPU
		{776BE27F-C415-40A1-82D1-8CD93EFF2DD5}.Ad-Hoc|iPhoneSimulator.Build.0 = Release|Any CPU
		{776BE27F-C415-40A1-82D1-8CD93EFF2DD5}.AppStore|Any CPU.ActiveCfg = Release|Any CPU
		{776BE27F-C415-40A1-82D1-8CD93EFF2DD5}.AppStore|Any CPU.Build.0 = Release|Any CPU
		{776BE27F-C415-40A1-82D1-8CD93EFF2DD5}.AppStore|iPhone.ActiveCfg = Release|Any CPU
		{776BE27F-C415-40A1-82D1-8CD93EFF2DD5}.AppStore|iPhone.Build.0 = Release|Any CPU
		{776BE27F-C415-40A1-82D1-8CD93EFF2DD5}.AppStore|iPhoneSimulator.ActiveCfg = Release|Any CPU
		{776BE27F-C415-40A1-82D1-8CD93EFF2DD5}.AppStore|iPhoneSimulator.Build.0 = Release|Any CPU
		{776BE27F-C415-40A1-82D1-8CD93EFF2DD5}.Debug|Any CPU.ActiveCfg = Debug|Any CPU
		{776BE27F-C415-40A1-82D1-8CD93EFF2DD5}.Debug|Any CPU.Build.0 = Debug|Any CPU
		{776BE27F-C415-40A1-82D1-8CD93EFF2DD5}.Debug|iPhone.ActiveCfg = Debug|Any CPU
		{776BE27F-C415-40A1-82D1-8CD93EFF2DD5}.Debug|iPhone.Build.0 = Debug|Any CPU
		{776BE27F-C415-40A1-82D1-8CD93EFF2DD5}.Debug|iPhoneSimulator.ActiveCfg = Debug|Any CPU
		{776BE27F-C415-40A1-82D1-8CD93EFF2DD5}.Debug|iPhoneSimulator.Build.0 = Debug|Any CPU
		{776BE27F-C415-40A1-82D1-8CD93EFF2DD5}.Release|Any CPU.ActiveCfg = Release|Any CPU
		{776BE27F-C415-40A1-82D1-8CD93EFF2DD5}.Release|Any CPU.Build.0 = Release|Any CPU
		{776BE27F-C415-40A1-82D1-8CD93EFF2DD5}.Release|iPhone.ActiveCfg = Release|Any CPU
		{776BE27F-C415-40A1-82D1-8CD93EFF2DD5}.Release|iPhone.Build.0 = Release|Any CPU
		{776BE27F-C415-40A1-82D1-8CD93EFF2DD5}.Release|iPhoneSimulator.ActiveCfg = Release|Any CPU
		{776BE27F-C415-40A1-82D1-8CD93EFF2DD5}.Release|iPhoneSimulator.Build.0 = Release|Any CPU
		{17669423-C9EF-4A8E-8A61-EC34E06F9D5D}.Ad-Hoc|Any CPU.ActiveCfg = Ad-Hoc|iPhone
		{17669423-C9EF-4A8E-8A61-EC34E06F9D5D}.Ad-Hoc|iPhone.ActiveCfg = Ad-Hoc|iPhone
		{17669423-C9EF-4A8E-8A61-EC34E06F9D5D}.Ad-Hoc|iPhone.Build.0 = Ad-Hoc|iPhone
		{17669423-C9EF-4A8E-8A61-EC34E06F9D5D}.Ad-Hoc|iPhoneSimulator.ActiveCfg = Ad-Hoc|iPhoneSimulator
		{17669423-C9EF-4A8E-8A61-EC34E06F9D5D}.Ad-Hoc|iPhoneSimulator.Build.0 = Ad-Hoc|iPhoneSimulator
		{17669423-C9EF-4A8E-8A61-EC34E06F9D5D}.AppStore|Any CPU.ActiveCfg = AppStore|iPhone
		{17669423-C9EF-4A8E-8A61-EC34E06F9D5D}.AppStore|iPhone.ActiveCfg = AppStore|iPhone
		{17669423-C9EF-4A8E-8A61-EC34E06F9D5D}.AppStore|iPhone.Build.0 = AppStore|iPhone
		{17669423-C9EF-4A8E-8A61-EC34E06F9D5D}.AppStore|iPhoneSimulator.ActiveCfg = AppStore|iPhoneSimulator
		{17669423-C9EF-4A8E-8A61-EC34E06F9D5D}.AppStore|iPhoneSimulator.Build.0 = AppStore|iPhoneSimulator
		{17669423-C9EF-4A8E-8A61-EC34E06F9D5D}.Debug|Any CPU.ActiveCfg = Debug|iPhone
		{17669423-C9EF-4A8E-8A61-EC34E06F9D5D}.Debug|iPhone.ActiveCfg = Debug|iPhone
		{17669423-C9EF-4A8E-8A61-EC34E06F9D5D}.Debug|iPhone.Build.0 = Debug|iPhone
		{17669423-C9EF-4A8E-8A61-EC34E06F9D5D}.Debug|iPhoneSimulator.ActiveCfg = Debug|iPhoneSimulator
		{17669423-C9EF-4A8E-8A61-EC34E06F9D5D}.Debug|iPhoneSimulator.Build.0 = Debug|iPhoneSimulator
		{17669423-C9EF-4A8E-8A61-EC34E06F9D5D}.Release|Any CPU.ActiveCfg = Release|iPhone
		{17669423-C9EF-4A8E-8A61-EC34E06F9D5D}.Release|iPhone.ActiveCfg = Release|iPhone
		{17669423-C9EF-4A8E-8A61-EC34E06F9D5D}.Release|iPhone.Build.0 = Release|iPhone
		{17669423-C9EF-4A8E-8A61-EC34E06F9D5D}.Release|iPhoneSimulator.ActiveCfg = Release|iPhoneSimulator
		{17669423-C9EF-4A8E-8A61-EC34E06F9D5D}.Release|iPhoneSimulator.Build.0 = Release|iPhoneSimulator
	EndGlobalSection
	GlobalSection(SolutionProperties) = preSolution
		HideSolutionNode = FALSE
	EndGlobalSection
EndGlobal
